
Microsoft Visual Studio Solution File, Format Version 11.00
# Visual Studio 2010
Project("{F184B08F-C81C-45F6-A57F-5ABD9991F28F}") = "AutoCompleteDGV", "AutoCompleteDGV\AutoCompleteDGV.vbproj", "{6A268A0C-0B34-4EDC-B7E3-00E5385BB248}"
EndProject
Global
	GlobalSection(SolutionConfigurationPlatforms) = preSolution
		Debug|x86 = Debug|x86
		Release|x86 = Release|x86
	EndGlobalSection
	GlobalSection(ProjectConfigurationPlatforms) = postSolution
		{6A268A0C-0B34-4EDC-B7E3-00E5385BB248}.Debug|x86.ActiveCfg = Debug|x86
		{6A268A0C-0B34-4EDC-B7E3-00E5385BB248}.Debug|x86.Build.0 = Debug|x86
		{6A268A0C-0B34-4EDC-B7E3-00E5385BB248}.Release|x86.ActiveCfg = Release|x86
		{6A268A0C-0B34-4EDC-B7E3-00E5385BB248}.Release|x86.Build.0 = Release|x86
	EndGlobalSection
	GlobalSection(SolutionProperties) = preSolution
		HideSolutionNode = FALSE
	EndGlobalSection
EndGlobal
